// !$*UTF8*$!
{
	archiveVersion = 1;
	classes = {
	};
	objectVersion = 51;
	objects = {

/* Begin PBXBuildFile section */
		D34C456224CD25E5005D2BFA /* UserService.swift in Sources */ = {isa = PBXBuildFile; fileRef = D34C456124CD25E5005D2BFA /* UserService.swift */; };
		D34C456424CD29FB005D2BFA /* User.swift in Sources */ = {isa = PBXBuildFile; fileRef = D34C456324CD29FB005D2BFA /* User.swift */; };
		D3A7F5F524CD24E4004DE39E /* AppDelegate.swift in Sources */ = {isa = PBXBuildFile; fileRef = D3A7F5F424CD24E4004DE39E /* AppDelegate.swift */; };
		D3A7F5F724CD24E4004DE39E /* SceneDelegate.swift in Sources */ = {isa = PBXBuildFile; fileRef = D3A7F5F624CD24E4004DE39E /* SceneDelegate.swift */; };
		D3A7F5F924CD24E4004DE39E /* ViewController.swift in Sources */ = {isa = PBXBuildFile; fileRef = D3A7F5F824CD24E4004DE39E /* ViewController.swift */; };
		D3A7F5FC24CD24E4004DE39E /* Main.storyboard in Resources */ = {isa = PBXBuildFile; fileRef = D3A7F5FA24CD24E4004DE39E /* Main.storyboard */; };
		D3A7F5FE24CD24E5004DE39E /* Assets.xcassets in Resources */ = {isa = PBXBuildFile; fileRef = D3A7F5FD24CD24E5004DE39E /* Assets.xcassets */; };
		D3A7F60124CD24E5004DE39E /* LaunchScreen.storyboard in Resources */ = {isa = PBXBuildFile; fileRef = D3A7F5FF24CD24E5004DE39E /* LaunchScreen.storyboard */; };
		E6BDBA843578AF9C540BE819 /* Pods_MoyaSample.framework in Frameworks */ = {isa = PBXBuildFile; fileRef = 42C3A19579AB3C55F3D28F6C /* Pods_MoyaSample.framework */; };
/* End PBXBuildFile section */

/* Begin PBXFileReference section */
		32B47A863711698281970AF8 /* Pods-MoyaSample.debug.xcconfig */ = {isa = PBXFileReference; includeInIndex = 1; lastKnownFileType = text.xcconfig; name = "Pods-MoyaSample.debug.xcconfig"; path = "Target Support Files/Pods-MoyaSample/Pods-MoyaSample.debug.xcconfig"; sourceTree = "<group>"; };
		42C3A19579AB3C55F3D28F6C /* Pods_MoyaSample.framework */ = {isa = PBXFileReference; explicitFileType = wrapper.framework; includeInIndex = 0; path = Pods_MoyaSample.framework; sourceTree = BUILT_PRODUCTS_DIR; };
		B24751364F3A3DCA881928A2 /* Pods-MoyaSample.release.xcconfig */ = {isa = PBXFileReference; includeInIndex = 1; lastKnownFileType = text.xcconfig; name = "Pods-MoyaSample.release.xcconfig"; path = "Target Support Files/Pods-MoyaSample/Pods-MoyaSample.release.xcconfig"; sourceTree = "<group>"; };
		D34C456124CD25E5005D2BFA /* UserService.swift */ = {isa = PBXFileReference; lastKnownFileType = sourcecode.swift; path = UserService.swift; sourceTree = "<group>"; };
		D34C456324CD29FB005D2BFA /* User.swift */ = {isa = PBXFileReference; lastKnownFileType = sourcecode.swift; path = User.swift; sourceTree = "<group>"; };
		D3A7F5F124CD24E4004DE39E /* MoyaSample.app */ = {isa = PBXFileReference; explicitFileType = wrapper.application; includeInIndex = 0; path = MoyaSample.app; sourceTree = BUILT_PRODUCTS_DIR; };
		D3A7F5F424CD24E4004DE39E /* AppDelegate.swift */ = {isa = PBXFileReference; lastKnownFileType = sourcecode.swift; path = AppDelegate.swift; sourceTree = "<group>"; };
		D3A7F5F624CD24E4004DE39E /* SceneDelegate.swift */ = {isa = PBXFileReference; lastKnownFileType = sourcecode.swift; path = SceneDelegate.swift; sourceTree = "<group>"; };
		D3A7F5F824CD24E4004DE39E /* ViewController.swift */ = {isa = PBXFileReference; lastKnownFileType = sourcecode.swift; path = ViewController.swift; sourceTree = "<group>"; };
		D3A7F5FB24CD24E4004DE39E /* Base */ = {isa = PBXFileReference; lastKnownFileType = file.storyboard; name = Base; path = Base.lproj/Main.storyboard; sourceTree = "<group>"; };
		D3A7F5FD24CD24E5004DE39E /* Assets.xcassets */ = {isa = PBXFileReference; lastKnownFileType = folder.assetcatalog; path = Assets.xcassets; sourceTree = "<group>"; };
		D3A7F60024CD24E5004DE39E /* Base */ = {isa = PBXFileReference; lastKnownFileType = file.storyboard; name = Base; path = Base.lproj/LaunchScreen.storyboard; sourceTree = "<group>"; };
		D3A7F60224CD24E5004DE39E /* Info.plist */ = {isa = PBXFileReference; lastKnownFileType = text.plist.xml; path = Info.plist; sourceTree = "<group>"; };
/* End PBXFileReference section */

/* Begin PBXFrameworksBuildPhase section */
		D3A7F5EE24CD24E4004DE39E /* Frameworks */ = {
			isa = PBXFrameworksBuildPhase;
			buildActionMask = 2147483647;
			files = (
				E6BDBA843578AF9C540BE819 /* Pods_MoyaSample.framework in Frameworks */,
			);
			runOnlyForDeploymentPostprocessing = 0;
		};
/* End PBXFrameworksBuildPhase section */

/* Begin PBXGroup section */
		0CF086CA2B4B629E9AB85DC5 /* Frameworks */ = {
			isa = PBXGroup;
			children = (
				42C3A19579AB3C55F3D28F6C /* Pods_MoyaSample.framework */,
			);
			name = Frameworks;
			sourceTree = "<group>";
		};
		D3A7F5E824CD24E4004DE39E = {
			isa = PBXGroup;
			children = (
				D3A7F5F324CD24E4004DE39E /* MoyaSample */,
				D3A7F5F224CD24E4004DE39E /* Products */,
				E7457E2BBE1FDA530DCEEE4B /* Pods */,
				0CF086CA2B4B629E9AB85DC5 /* Frameworks */,
			);
			sourceTree = "<group>";
		};
		D3A7F5F224CD24E4004DE39E /* Products */ = {
			isa = PBXGroup;
			children = (
				D3A7F5F124CD24E4004DE39E /* MoyaSample.app */,
			);
			name = Products;
			sourceTree = "<group>";
		};
		D3A7F5F324CD24E4004DE39E /* MoyaSample */ = {
			isa = PBXGroup;
			children = (
				D3A7F5F424CD24E4004DE39E /* AppDelegate.swift */,
				D3A7F5F624CD24E4004DE39E /* SceneDelegate.swift */,
				D3A7F5F824CD24E4004DE39E /* ViewController.swift */,
				D3A7F5FA24CD24E4004DE39E /* Main.storyboard */,
				D3A7F5FD24CD24E5004DE39E /* Assets.xcassets */,
				D3A7F5FF24CD24E5004DE39E /* LaunchScreen.storyboard */,
				D3A7F60224CD24E5004DE39E /* Info.plist */,
				D34C456124CD25E5005D2BFA /* UserService.swift */,
				D34C456324CD29FB005D2BFA /* User.swift */,
			);
			path = MoyaSample;
			sourceTree = "<group>";
		};
		E7457E2BBE1FDA530DCEEE4B /* Pods */ = {
			isa = PBXGroup;
			children = (
				32B47A863711698281970AF8 /* Pods-MoyaSample.debug.xcconfig */,
				B24751364F3A3DCA881928A2 /* Pods-MoyaSample.release.xcconfig */,
			);
			path = Pods;
			sourceTree = "<group>";
		};
/* End PBXGroup section */

/* Begin PBXNativeTarget section */
		D3A7F5F024CD24E4004DE39E /* MoyaSample */ = {
			isa = PBXNativeTarget;
			buildConfigurationList = D3A7F60524CD24E5004DE39E /* Build configuration list for PBXNativeTarget "MoyaSample" */;
			buildPhases = (
				2B14E97D19467FB876C33E9E /* [CP] Check Pods Manifest.lock */,
				D3A7F5ED24CD24E4004DE39E /* Sources */,
				D3A7F5EE24CD24E4004DE39E /* Frameworks */,
				D3A7F5EF24CD24E4004DE39E /* Resources */,
				03B908A57FB8CD817096BF57 /* [CP] Embed Pods Frameworks */,
			);
			buildRules = (
			);
			dependencies = (
			);
			name = MoyaSample;
			productName = MoyaSample;
			productReference = D3A7F5F124CD24E4004DE39E /* MoyaSample.app */;
			productType = "com.apple.product-type.application";
		};
/* End PBXNativeTarget section */

/* Begin PBXProject section */
		D3A7F5E924CD24E4004DE39E /* Project object */ = {
			isa = PBXProject;
			attributes = {
				LastSwiftUpdateCheck = 1160;
				LastUpgradeCheck = 1160;
				ORGANIZATIONNAME = "Ju Young Jung";
				TargetAttributes = {
					D3A7F5F024CD24E4004DE39E = {
						CreatedOnToolsVersion = 11.6;
					};
				};
			};
			buildConfigurationList = D3A7F5EC24CD24E4004DE39E /* Build configuration list for PBXProject "MoyaSample" */;
			compatibilityVersion = "Xcode 9.3";
			developmentRegion = en;
			hasScannedForEncodings = 0;
			knownRegions = (
				en,
				Base,
			);
			mainGroup = D3A7F5E824CD24E4004DE39E;
			productRefGroup = D3A7F5F224CD24E4004DE39E /* Products */;
			projectDirPath = "";
			projectRoot = "";
			targets = (
				D3A7F5F024CD24E4004DE39E /* MoyaSample */,
			);
		};
/* End PBXProject section */

/* Begin PBXResourcesBuildPhase section */
		D3A7F5EF24CD24E4004DE39E /* Resources */ = {
			isa = PBXResourcesBuildPhase;
			buildActionMask = 2147483647;
			files = (
				D3A7F60124CD24E5004DE39E /* LaunchScreen.storyboard in Resources */,
				D3A7F5FE24CD24E5004DE39E /* Assets.xcassets in Resources */,
				D3A7F5FC24CD24E4004DE39E /* Main.storyboard in Resources */,
			);
			runOnlyForDeploymentPostprocessing = 0;
		};
/* End PBXResourcesBuildPhase section */

/* Begin PBXShellScriptBuildPhase section */
		03B908A57FB8CD817096BF57 /* [CP] Embed Pods Frameworks */ = {
			isa = PBXShellScriptBuildPhase;
			buildActionMask = 2147483647;
			files = (
			);
			inputFileListPaths = (
				"${PODS_ROOT}/Target Support Files/Pods-MoyaSample/Pods-MoyaSample-frameworks-${CONFIGURATION}-input-files.xcfilelist",
			);
			name = "[CP] Embed Pods Frameworks";
			outputFileListPaths = (
				"${PODS_ROOT}/Target Support Files/Pods-MoyaSample/Pods-MoyaSample-frameworks-${CONFIGURATION}-output-files.xcfilelist",
			);
			runOnlyForDeploymentPostprocessing = 0;
			shellPath = /bin/sh;
			shellScript = "\"${PODS_ROOT}/Target Support Files/Pods-MoyaSample/Pods-MoyaSample-frameworks.sh\"\n";
			showEnvVarsInLog = 0;
		};
		2B14E97D19467FB876C33E9E /* [CP] Check Pods Manifest.lock */ = {
			isa = PBXShellScriptBuildPhase;
			buildActionMask = 2147483647;
			files = (
			);
			inputFileListPaths = (
			);
			inputPaths = (
				"${PODS_PODFILE_DIR_PATH}/Podfile.lock",
				"${PODS_ROOT}/Manifest.lock",
			);
			name = "[CP] Check Pods Manifest.lock";
			outputFileListPaths = (
			);
			outputPaths = (
				"$(DERIVED_FILE_DIR)/Pods-MoyaSample-checkManifestLockResult.txt",
			);
			runOnlyForDeploymentPostprocessing = 0;
			shellPath = /bin/sh;
			shellScript = "diff \"${PODS_PODFILE_DIR_PATH}/Podfile.lock\" \"${PODS_ROOT}/Manifest.lock\" > /dev/null\nif [ $? != 0 ] ; then\n    # print error to STDERR\n    echo \"error: The sandbox is not in sync with the Podfile.lock. Run 'pod install' or update your CocoaPods installation.\" >&2\n    exit 1\nfi\n# This output is used by Xcode 'outputs' to avoid re-running this script phase.\necho \"SUCCESS\" > \"${SCRIPT_OUTPUT_FILE_0}\"\n";
			showEnvVarsInLog = 0;
		};
/* End PBXShellScriptBuildPhase section */

/* Begin PBXSourcesBuildPhase section */
		D3A7F5ED24CD24E4004DE39E /* Sources */ = {
			isa = PBXSourcesBuildPhase;
			buildActionMask = 2147483647;
			files = (
				D34C456224CD25E5005D2BFA /* UserService.swift in Sources */,
				D3A7F5F924CD24E4004DE39E /* ViewController.swift in Sources */,
				D3A7F5F524CD24E4004DE39E /* AppDelegate.swift in Sources */,
				D34C456424CD29FB005D2BFA /* User.swift in Sources */,
				D3A7F5F724CD24E4004DE39E /* SceneDelegate.swift in Sources */,
			);
			runOnlyForDeploymentPostprocessing = 0;
		};
/* End PBXSourcesBuildPhase section */

/* Begin PBXVariantGroup section */
		D3A7F5FA24CD24E4004DE39E /* Main.storyboard */ = {
			isa = PBXVariantGroup;
			children = (
				D3A7F5FB24CD24E4004DE39E /* Base */,
			);
			name = Main.storyboard;
			sourceTree = "<group>";
		};
		D3A7F5FF24CD24E5004DE39E /* LaunchScreen.storyboard */ = {
			isa = PBXVariantGroup;
			children = (
				D3A7F60024CD24E5004DE39E /* Base */,
			);
			name = LaunchScreen.storyboard;
			sourceTree = "<group>";
		};
/* End PBXVariantGroup section */

/* Begin XCBuildConfiguration section */
		D3A7F60324CD24E5004DE39E /* Debug */ = {
			isa = XCBuildConfiguration;
			buildSettings = {
				ALWAYS_SEARCH_USER_PATHS = NO;
				CLANG_ANALYZER_NONNULL = YES;
				CLANG_ANALYZER_NUMBER_OBJECT_CONVERSION = YES_AGGRESSIVE;
				CLANG_CXX_LANGUAGE_STANDARD = "gnu++14";
				CLANG_CXX_LIBRARY = "libc++";
				CLANG_ENABLE_MODULES = YES;
				CLANG_ENABLE_OBJC_ARC = YES;
				CLANG_ENABLE_OBJC_WEAK = YES;
				CLANG_WARN_BLOCK_CAPTURE_AUTORELEASING = YES;
				CLANG_WARN_BOOL_CONVERSION = YES;
				CLANG_WARN_COMMA = YES;
				CLANG_WARN_CONSTANT_CONVERSION = YES;
				CLANG_WARN_DEPRECATED_OBJC_IMPLEMENTATIONS = YES;
				CLANG_WARN_DIRECT_OBJC_ISA_USAGE = YES_ERROR;
				CLANG_WARN_DOCUMENTATION_COMMENTS = YES;
				CLANG_WARN_EMPTY_BODY = YES;
				CLANG_WARN_ENUM_CONVERSION = YES;
				CLANG_WARN_INFINITE_RECURSION = YES;
				CLANG_WARN_INT_CONVERSION = YES;
				CLANG_WARN_NON_LITERAL_NULL_CONVERSION = YES;
				CLANG_WARN_OBJC_IMPLICIT_RETAIN_SELF = YES;
				CLANG_WARN_OBJC_LITERAL_CONVERSION = YES;
				CLANG_WARN_OBJC_ROOT_CLASS = YES_ERROR;
				CLANG_WARN_RANGE_LOOP_ANALYSIS = YES;
				CLANG_WARN_STRICT_PROTOTYPES = YES;
				CLANG_WARN_SUSPICIOUS_MOVE = YES;
				CLANG_WARN_UNGUARDED_AVAILABILITY = YES_AGGRESSIVE;
				CLANG_WARN_UNREACHABLE_CODE = YES;
				CLANG_WARN__DUPLICATE_METHOD_MATCH = YES;
				COPY_PHASE_STRIP = NO;
				DEBUG_INFORMATION_FORMAT = dwarf;
				ENABLE_STRICT_OBJC_MSGSEND = YES;
				ENABLE_TESTABILITY = YES;
				GCC_C_LANGUAGE_STANDARD = gnu11;
				GCC_DYNAMIC_NO_PIC = NO;
				GCC_NO_COMMON_BLOCKS = YES;
				GCC_OPTIMIZATION_LEVEL = 0;
				GCC_PREPROCESSOR_DEFINITIONS = (
					"DEBUG=1",
					"$(inherited)",
				);
				GCC_WARN_64_TO_32_BIT_CONVERSION = YES;
				GCC_WARN_ABOUT_RETURN_TYPE = YES_ERROR;
				GCC_WARN_UNDECLARED_SELECTOR = YES;
				GCC_WARN_UNINITIALIZED_AUTOS = YES_AGGRESSIVE;
				GCC_WARN_UNUSED_FUNCTION = YES;
				GCC_WARN_UNUSED_VARIABLE = YES;
				IPHONEOS_DEPLOYMENT_TARGET = 13.6;
				MTL_ENABLE_DEBUG_INFO = INCLUDE_SOURCE;
				MTL_FAST_MATH = YES;
				ONLY_ACTIVE_ARCH = YES;
				SDKROOT = iphoneos;
				SWIFT_ACTIVE_COMPILATION_CONDITIONS = DEBUG;
				SWIFT_OPTIMIZATION_LEVEL = "-Onone";
			};
			name = Debug;
		};
		D3A7F60424CD24E5004DE39E /* Release */ = {
			isa = XCBuildConfiguration;
			buildSettings = {
				ALWAYS_SEARCH_USER_PATHS = NO;
				CLANG_ANALYZER_NONNULL = YES;
				CLANG_ANALYZER_NUMBER_OBJECT_CONVERSION = YES_AGGRESSIVE;
				CLANG_CXX_LANGUAGE_STANDARD = "gnu++14";
				CLANG_CXX_LIBRARY = "libc++";
				CLANG_ENABLE_MODULES = YES;
				CLANG_ENABLE_OBJC_ARC = YES;
				CLANG_ENABLE_OBJC_WEAK = YES;
				CLANG_WARN_BLOCK_CAPTURE_AUTORELEASING = YES;
				CLANG_WARN_BOOL_CONVERSION = YES;
				CLANG_WARN_COMMA = YES;
				CLANG_WARN_CONSTANT_CONVERSION = YES;
				CLANG_WARN_DEPRECATED_OBJC_IMPLEMENTATIONS = YES;
				CLANG_WARN_DIRECT_OBJC_ISA_USAGE = YES_ERROR;
				CLANG_WARN_DOCUMENTATION_COMMENTS = YES;
				CLANG_WARN_EMPTY_BODY = YES;
				CLANG_WARN_ENUM_CONVERSION = YES;
				CLANG_WARN_INFINITE_RECURSION = YES;
				CLANG_WARN_INT_CONVERSION = YES;
				CLANG_WARN_NON_LITERAL_NULL_CONVERSION = YES;
				CLANG_WARN_OBJC_IMPLICIT_RETAIN_SELF = YES;
				CLANG_WARN_OBJC_LITERAL_CONVERSION = YES;
				CLANG_WARN_OBJC_ROOT_CLASS = YES_ERROR;
				CLANG_WARN_RANGE_LOOP_ANALYSIS = YES;
				CLANG_WARN_STRICT_PROTOTYPES = YES;
				CLANG_WARN_SUSPICIOUS_MOVE = YES;
				CLANG_WARN_UNGUARDED_AVAILABILITY = YES_AGGRESSIVE;
				CLANG_WARN_UNREACHABLE_CODE = YES;
				CLANG_WARN__DUPLICATE_METHOD_MATCH = YES;
				COPY_PHASE_STRIP = NO;
				DEBUG_INFORMATION_FORMAT = "dwarf-with-dsym";
				ENABLE_NS_ASSERTIONS = NO;
				ENABLE_STRICT_OBJC_MSGSEND = YES;
				GCC_C_LANGUAGE_STANDARD = gnu11;
				GCC_NO_COMMON_BLOCKS = YES;
				GCC_WARN_64_TO_32_BIT_CONVERSION = YES;
				GCC_WARN_ABOUT_RETURN_TYPE = YES_ERROR;
				GCC_WARN_UNDECLARED_SELECTOR = YES;
				GCC_WARN_UNINITIALIZED_AUTOS = YES_AGGRESSIVE;
				GCC_WARN_UNUSED_FUNCTION = YES;
				GCC_WARN_UNUSED_VARIABLE = YES;
				IPHONEOS_DEPLOYMENT_TARGET = 13.6;
				MTL_ENABLE_DEBUG_INFO = NO;
				MTL_FAST_MATH = YES;
				SDKROOT = iphoneos;
				SWIFT_COMPILATION_MODE = wholemodule;
				SWIFT_OPTIMIZATION_LEVEL = "-O";
				VALIDATE_PRODUCT = YES;
			};
			name = Release;
		};
		D3A7F60624CD24E5004DE39E /* Debug */ = {
			isa = XCBuildConfiguration;
			baseConfigurationReference = 32B47A863711698281970AF8 /* Pods-MoyaSample.debug.xcconfig */;
			buildSettings = {
				ASSETCATALOG_COMPILER_APPICON_NAME = AppIcon;
				CODE_SIGN_STYLE = Automatic;
				DEVELOPMENT_TEAM = GLLF8U86V2;
				INFOPLIST_FILE = MoyaSample/Info.plist;
				LD_RUNPATH_SEARCH_PATHS = (
					"$(inherited)",
					"@executable_path/Frameworks",
				);
				PRODUCT_BUNDLE_IDENTIFIER = com.idev0.MoyaSample;
				PRODUCT_NAME = "$(TARGET_NAME)";
				SWIFT_VERSION = 5.0;
				TARGETED_DEVICE_FAMILY = "1,2";
			};
			name = Debug;
		};
		D3A7F60724CD24E5004DE39E /* Release */ = {
			isa = XCBuildConfiguration;
			baseConfigurationReference = B24751364F3A3DCA881928A2 /* Pods-MoyaSample.release.xcconfig */;
			buildSettings = {
				ASSETCATALOG_COMPILER_APPICON_NAME = AppIcon;
				CODE_SIGN_STYLE = Automatic;
				DEVELOPMENT_TEAM = GLLF8U86V2;
				INFOPLIST_FILE = MoyaSample/Info.plist;
				LD_RUNPATH_SEARCH_PATHS = (
					"$(inherited)",
					"@executable_path/Frameworks",
				);
				PRODUCT_BUNDLE_IDENTIFIER = com.idev0.MoyaSample;
				PRODUCT_NAME = "$(TARGET_NAME)";
				SWIFT_VERSION = 5.0;
				TARGETED_DEVICE_FAMILY = "1,2";
			};
			name = Release;
		};
/* End XCBuildConfiguration section */

/* Begin XCConfigurationList section */
		D3A7F5EC24CD24E4004DE39E /* Build configuration list for PBXProject "MoyaSample" */ = {
			isa = XCConfigurationList;
			buildConfigurations = (
				D3A7F60324CD24E5004DE39E /* Debug */,
				D3A7F60424CD24E5004DE39E /* Release */,
			);
			defaultConfigurationIsVisible = 0;
			defaultConfigurationName = Release;
		};
		D3A7F60524CD24E5004DE39E /* Build configuration list for PBXNativeTarget "MoyaSample" */ = {
			isa = XCConfigurationList;
			buildConfigurations = (
				D3A7F60624CD24E5004DE39E /* Debug */,
				D3A7F60724CD24E5004DE39E /* Release */,
			);
			defaultConfigurationIsVisible = 0;
			defaultConfigurationName = Release;
		};
/* End XCConfigurationList section */
	};
	rootObject = D3A7F5E924CD24E4004DE39E /* Project object */;
}
